
Microsoft Visual Studio Solution File, Format Version 12.00
# Visual Studio Version 17
VisualStudioVersion = 17.0.31903.59
MinimumVisualStudioVersion = 10.0.40219.1
Project("{FAE04EC0-301F-11D3-BF4B-00C04F79EFBC}") = "UnrealKit.Core", "UnrealKit.Core\UnrealKit.Core.csproj", "{10E4A672-EE99-4DB6-AE30-633C47518A60}"
EndProject
Project("{FAE04EC0-301F-11D3-BF4B-00C04F79EFBC}") = "UnrealKit.Cli", "UnrealKit.Cli\UnrealKit.Cli.csproj", "{D632ED03-4E2E-4590-8310-B830948D9324}"
EndProject
Project("{FAE04EC0-301F-11D3-BF4B-00C04F79EFBC}") = "UnrealKit.Desktop", "UnrealKit.Desktop\UnrealKit.Desktop.csproj", "{150DEC97-E5BD-4FB7-B4F0-638CD3D7A2A8}"
EndProject
Project("{FAE04EC0-301F-11D3-BF4B-00C04F79EFBC}") = "UnrealKit.Tests", "UnrealKit.Tests\UnrealKit.Tests.csproj", "{AFCCDA2C-AFAE-4B56-9D97-71D5750BB3CB}"
EndProject
Global
	GlobalSection(SolutionConfigurationPlatforms) = preSolution
		Debug|Any CPU = Debug|Any CPU
		Debug|x64 = Debug|x64
		Debug|x86 = Debug|x86
		Release|Any CPU = Release|Any CPU
		Release|x64 = Release|x64
		Release|x86 = Release|x86
	EndGlobalSection
	GlobalSection(ProjectConfigurationPlatforms) = postSolution
		{10E4A672-EE99-4DB6-AE30-633C47518A60}.Debug|Any CPU.ActiveCfg = Debug|Any CPU
		{10E4A672-EE99-4DB6-AE30-633C47518A60}.Debug|Any CPU.Build.0 = Debug|Any CPU
		{10E4A672-EE99-4DB6-AE30-633C47518A60}.Debug|x64.ActiveCfg = Debug|Any CPU
		{10E4A672-EE99-4DB6-AE30-633C47518A60}.Debug|x64.Build.0 = Debug|Any CPU
		{10E4A672-EE99-4DB6-AE30-633C47518A60}.Debug|x86.ActiveCfg = Debug|Any CPU
		{10E4A672-EE99-4DB6-AE30-633C47518A60}.Debug|x86.Build.0 = Debug|Any CPU
		{10E4A672-EE99-4DB6-AE30-633C47518A60}.Release|Any CPU.ActiveCfg = Release|Any CPU
		{10E4A672-EE99-4DB6-AE30-633C47518A60}.Release|Any CPU.Build.0 = Release|Any CPU
		{10E4A672-EE99-4DB6-AE30-633C47518A60}.Release|x64.ActiveCfg = Release|Any CPU
		{10E4A672-EE99-4DB6-AE30-633C47518A60}.Release|x64.Build.0 = Release|Any CPU
		{10E4A672-EE99-4DB6-AE30-633C47518A60}.Release|x86.ActiveCfg = Release|Any CPU
		{10E4A672-EE99-4DB6-AE30-633C47518A60}.Release|x86.Build.0 = Release|Any CPU
		{D632ED03-4E2E-4590-8310-B830948D9324}.Debug|Any CPU.ActiveCfg = Debug|Any CPU
		{D632ED03-4E2E-4590-8310-B830948D9324}.Debug|Any CPU.Build.0 = Debug|Any CPU
		{D632ED03-4E2E-4590-8310-B830948D9324}.Debug|x64.ActiveCfg = Debug|Any CPU
		{D632ED03-4E2E-4590-8310-B830948D9324}.Debug|x64.Build.0 = Debug|Any CPU
		{D632ED03-4E2E-4590-8310-B830948D9324}.Debug|x86.ActiveCfg = Debug|Any CPU
		{D632ED03-4E2E-4590-8310-B830948D9324}.Debug|x86.Build.0 = Debug|Any CPU
		{D632ED03-4E2E-4590-8310-B830948D9324}.Release|Any CPU.ActiveCfg = Release|Any CPU
		{D632ED03-4E2E-4590-8310-B830948D9324}.Release|Any CPU.Build.0 = Release|Any CPU
		{D632ED03-4E2E-4590-8310-B830948D9324}.Release|x64.ActiveCfg = Release|Any CPU
		{D632ED03-4E2E-4590-8310-B830948D9324}.Release|x64.Build.0 = Release|Any CPU
		{D632ED03-4E2E-4590-8310-B830948D9324}.Release|x86.ActiveCfg = Release|Any CPU
		{D632ED03-4E2E-4590-8310-B830948D9324}.Release|x86.Build.0 = Release|Any CPU
		{150DEC97-E5BD-4FB7-B4F0-638CD3D7A2A8}.Debug|Any CPU.ActiveCfg = Debug|Any CPU
		{150DEC97-E5BD-4FB7-B4F0-638CD3D7A2A8}.Debug|Any CPU.Build.0 = Debug|Any CPU
		{150DEC97-E5BD-4FB7-B4F0-638CD3D7A2A8}.Debug|x64.ActiveCfg = Debug|Any CPU
		{150DEC97-E5BD-4FB7-B4F0-638CD3D7A2A8}.Debug|x64.Build.0 = Debug|Any CPU
		{150DEC97-E5BD-4FB7-B4F0-638CD3D7A2A8}.Debug|x86.ActiveCfg = Debug|Any CPU
		{150DEC97-E5BD-4FB7-B4F0-638CD3D7A2A8}.Debug|x86.Build.0 = Debug|Any CPU
		{150DEC97-E5BD-4FB7-B4F0-638CD3D7A2A8}.Release|Any CPU.ActiveCfg = Release|Any CPU
		{150DEC97-E5BD-4FB7-B4F0-638CD3D7A2A8}.Release|Any CPU.Build.0 = Release|Any CPU
		{150DEC97-E5BD-4FB7-B4F0-638CD3D7A2A8}.Release|x64.ActiveCfg = Release|Any CPU
		{150DEC97-E5BD-4FB7-B4F0-638CD3D7A2A8}.Release|x64.Build.0 = Release|Any CPU
		{150DEC97-E5BD-4FB7-B4F0-638CD3D7A2A8}.Release|x86.ActiveCfg = Release|Any CPU
		{150DEC97-E5BD-4FB7-B4F0-638CD3D7A2A8}.Release|x86.Build.0 = Release|Any CPU
		{AFCCDA2C-AFAE-4B56-9D97-71D5750BB3CB}.Debug|Any CPU.ActiveCfg = Debug|Any CPU
		{AFCCDA2C-AFAE-4B56-9D97-71D5750BB3CB}.Debug|Any CPU.Build.0 = Debug|Any CPU
		{AFCCDA2C-AFAE-4B56-9D97-71D5750BB3CB}.Debug|x64.ActiveCfg = Debug|Any CPU
		{AFCCDA2C-AFAE-4B56-9D97-71D5750BB3CB}.Debug|x64.Build.0 = Debug|Any CPU
		{AFCCDA2C-AFAE-4B56-9D97-71D5750BB3CB}.Debug|x86.ActiveCfg = Debug|Any CPU
		{AFCCDA2C-AFAE-4B56-9D97-71D5750BB3CB}.Debug|x86.Build.0 = Debug|Any CPU
		{AFCCDA2C-AFAE-4B56-9D97-71D5750BB3CB}.Release|Any CPU.ActiveCfg = Release|Any CPU
		{AFCCDA2C-AFAE-4B56-9D97-71D5750BB3CB}.Release|Any CPU.Build.0 = Release|Any CPU
		{AFCCDA2C-AFAE-4B56-9D97-71D5750BB3CB}.Release|x64.ActiveCfg = Release|Any CPU
		{AFCCDA2C-AFAE-4B56-9D97-71D5750BB3CB}.Release|x64.Build.0 = Release|Any CPU
		{AFCCDA2C-AFAE-4B56-9D97-71D5750BB3CB}.Release|x86.ActiveCfg = Release|Any CPU
		{AFCCDA2C-AFAE-4B56-9D97-71D5750BB3CB}.Release|x86.Build.0 = Release|Any CPU
	EndGlobalSection
	GlobalSection(SolutionProperties) = preSolution
		HideSolutionNode = FALSE
	EndGlobalSection
EndGlobal
